// !$*UTF8*$!
{
	archiveVersion = 1;
	classes = {
	};
	objectVersion = 55;
	objects = {

/* Begin PBXBuildFile section */
		B5E9DED42CAE1232004881CA /* AppDelegate.swift in Sources */ = {isa = PBXBuildFile; fileRef = B5E9DED32CAE1232004881CA /* AppDelegate.swift */; };
		B5E9DED62CAE1232004881CA /* SceneDelegate.swift in Sources */ = {isa = PBXBuildFile; fileRef = B5E9DED52CAE1232004881CA /* SceneDelegate.swift */; };
		B5E9DED82CAE1232004881CA /* ViewController.swift in Sources */ = {isa = PBXBuildFile; fileRef = B5E9DED72CAE1232004881CA /* ViewController.swift */; };
		B5E9DEDB2CAE1232004881CA /* Main.storyboard in Resources */ = {isa = PBXBuildFile; fileRef = B5E9DED92CAE1232004881CA /* Main.storyboard */; };
		B5E9DEDE2CAE1232004881CA /* QuispeMaqqueAbelColeccionDeJuegos.xcdatamodeld in Sources */ = {isa = PBXBuildFile; fileRef = B5E9DEDC2CAE1232004881CA /* QuispeMaqqueAbelColeccionDeJuegos.xcdatamodeld */; };
		B5E9DEE02CAE1238004881CA /* Assets.xcassets in Resources */ = {isa = PBXBuildFile; fileRef = B5E9DEDF2CAE1238004881CA /* Assets.xcassets */; };
		B5E9DEE32CAE1238004881CA /* LaunchScreen.storyboard in Resources */ = {isa = PBXBuildFile; fileRef = B5E9DEE12CAE1238004881CA /* LaunchScreen.storyboard */; };
/* End PBXBuildFile section */

/* Begin PBXFileReference section */
		B5E9DED02CAE1232004881CA /* QuispeMaqqueAbelColeccionDeJuegos.app */ = {isa = PBXFileReference; explicitFileType = wrapper.application; includeInIndex = 0; path = QuispeMaqqueAbelColeccionDeJuegos.app; sourceTree = BUILT_PRODUCTS_DIR; };
		B5E9DED32CAE1232004881CA /* AppDelegate.swift */ = {isa = PBXFileReference; lastKnownFileType = sourcecode.swift; path = AppDelegate.swift; sourceTree = "<group>"; };
		B5E9DED52CAE1232004881CA /* SceneDelegate.swift */ = {isa = PBXFileReference; lastKnownFileType = sourcecode.swift; path = SceneDelegate.swift; sourceTree = "<group>"; };
		B5E9DED72CAE1232004881CA /* ViewController.swift */ = {isa = PBXFileReference; lastKnownFileType = sourcecode.swift; path = ViewController.swift; sourceTree = "<group>"; };
		B5E9DEDA2CAE1232004881CA /* Base */ = {isa = PBXFileReference; lastKnownFileType = file.storyboard; name = Base; path = Base.lproj/Main.storyboard; sourceTree = "<group>"; };
		B5E9DEDD2CAE1232004881CA /* QuispeMaqqueAbelColeccionDeJuegos.xcdatamodel */ = {isa = PBXFileReference; lastKnownFileType = wrapper.xcdatamodel; path = QuispeMaqqueAbelColeccionDeJuegos.xcdatamodel; sourceTree = "<group>"; };
		B5E9DEDF2CAE1238004881CA /* Assets.xcassets */ = {isa = PBXFileReference; lastKnownFileType = folder.assetcatalog; path = Assets.xcassets; sourceTree = "<group>"; };
		B5E9DEE22CAE1238004881CA /* Base */ = {isa = PBXFileReference; lastKnownFileType = file.storyboard; name = Base; path = Base.lproj/LaunchScreen.storyboard; sourceTree = "<group>"; };
		B5E9DEE42CAE1238004881CA /* Info.plist */ = {isa = PBXFileReference; lastKnownFileType = text.plist.xml; path = Info.plist; sourceTree = "<group>"; };
/* End PBXFileReference section */

/* Begin PBXFrameworksBuildPhase section */
		B5E9DECD2CAE1232004881CA /* Frameworks */ = {
			isa = PBXFrameworksBuildPhase;
			buildActionMask = 2147483647;
			files = (
			);
			runOnlyForDeploymentPostprocessing = 0;
		};
/* End PBXFrameworksBuildPhase section */

/* Begin PBXGroup section */
		B5E9DEC72CAE1232004881CA = {
			isa = PBXGroup;
			children = (
				B5E9DED22CAE1232004881CA /* QuispeMaqqueAbelColeccionDeJuegos */,
				B5E9DED12CAE1232004881CA /* Products */,
			);
			sourceTree = "<group>";
		};
		B5E9DED12CAE1232004881CA /* Products */ = {
			isa = PBXGroup;
			children = (
				B5E9DED02CAE1232004881CA /* QuispeMaqqueAbelColeccionDeJuegos.app */,
			);
			name = Products;
			sourceTree = "<group>";
		};
		B5E9DED22CAE1232004881CA /* QuispeMaqqueAbelColeccionDeJuegos */ = {
			isa = PBXGroup;
			children = (
				B5E9DED32CAE1232004881CA /* AppDelegate.swift */,
				B5E9DED52CAE1232004881CA /* SceneDelegate.swift */,
				B5E9DED72CAE1232004881CA /* ViewController.swift */,
				B5E9DED92CAE1232004881CA /* Main.storyboard */,
				B5E9DEDF2CAE1238004881CA /* Assets.xcassets */,
				B5E9DEE12CAE1238004881CA /* LaunchScreen.storyboard */,
				B5E9DEE42CAE1238004881CA /* Info.plist */,
				B5E9DEDC2CAE1232004881CA /* QuispeMaqqueAbelColeccionDeJuegos.xcdatamodeld */,
			);
			path = QuispeMaqqueAbelColeccionDeJuegos;
			sourceTree = "<group>";
		};
/* End PBXGroup section */

/* Begin PBXNativeTarget section */
		B5E9DECF2CAE1232004881CA /* QuispeMaqqueAbelColeccionDeJuegos */ = {
			isa = PBXNativeTarget;
			buildConfigurationList = B5E9DEE72CAE1238004881CA /* Build configuration list for PBXNativeTarget "QuispeMaqqueAbelColeccionDeJuegos" */;
			buildPhases = (
				B5E9DECC2CAE1232004881CA /* Sources */,
				B5E9DECD2CAE1232004881CA /* Frameworks */,
				B5E9DECE2CAE1232004881CA /* Resources */,
			);
			buildRules = (
			);
			dependencies = (
			);
			name = QuispeMaqqueAbelColeccionDeJuegos;
			productName = QuispeMaqqueAbelColeccionDeJuegos;
			productReference = B5E9DED02CAE1232004881CA /* QuispeMaqqueAbelColeccionDeJuegos.app */;
			productType = "com.apple.product-type.application";
		};
/* End PBXNativeTarget section */

/* Begin PBXProject section */
		B5E9DEC82CAE1232004881CA /* Project object */ = {
			isa = PBXProject;
			attributes = {
				BuildIndependentTargetsInParallel = 1;
				LastSwiftUpdateCheck = 1330;
				LastUpgradeCheck = 1330;
				TargetAttributes = {
					B5E9DECF2CAE1232004881CA = {
						CreatedOnToolsVersion = 13.3.1;
					};
				};
			};
			buildConfigurationList = B5E9DECB2CAE1232004881CA /* Build configuration list for PBXProject "QuispeMaqqueAbelColeccionDeJuegos" */;
			compatibilityVersion = "Xcode 13.0";
			developmentRegion = en;
			hasScannedForEncodings = 0;
			knownRegions = (
				en,
				Base,
			);
			mainGroup = B5E9DEC72CAE1232004881CA;
			productRefGroup = B5E9DED12CAE1232004881CA /* Products */;
			projectDirPath = "";
			projectRoot = "";
			targets = (
				B5E9DECF2CAE1232004881CA /* QuispeMaqqueAbelColeccionDeJuegos */,
			);
		};
/* End PBXProject section */

/* Begin PBXResourcesBuildPhase section */
		B5E9DECE2CAE1232004881CA /* Resources */ = {
			isa = PBXResourcesBuildPhase;
			buildActionMask = 2147483647;
			files = (
				B5E9DEE32CAE1238004881CA /* LaunchScreen.storyboard in Resources */,
				B5E9DEE02CAE1238004881CA /* Assets.xcassets in Resources */,
				B5E9DEDB2CAE1232004881CA /* Main.storyboard in Resources */,
			);
			runOnlyForDeploymentPostprocessing = 0;
		};
/* End PBXResourcesBuildPhase section */

/* Begin PBXSourcesBuildPhase section */
		B5E9DECC2CAE1232004881CA /* Sources */ = {
			isa = PBXSourcesBuildPhase;
			buildActionMask = 2147483647;
			files = (
				B5E9DEDE2CAE1232004881CA /* QuispeMaqqueAbelColeccionDeJuegos.xcdatamodeld in Sources */,
				B5E9DED82CAE1232004881CA /* ViewController.swift in Sources */,
				B5E9DED42CAE1232004881CA /* AppDelegate.swift in Sources */,
				B5E9DED62CAE1232004881CA /* SceneDelegate.swift in Sources */,
			);
			runOnlyForDeploymentPostprocessing = 0;
		};
/* End PBXSourcesBuildPhase section */

/* Begin PBXVariantGroup section */
		B5E9DED92CAE1232004881CA /* Main.storyboard */ = {
			isa = PBXVariantGroup;
			children = (
				B5E9DEDA2CAE1232004881CA /* Base */,
			);
			name = Main.storyboard;
			sourceTree = "<group>";
		};
		B5E9DEE12CAE1238004881CA /* LaunchScreen.storyboard */ = {
			isa = PBXVariantGroup;
			children = (
				B5E9DEE22CAE1238004881CA /* Base */,
			);
			name = LaunchScreen.storyboard;
			sourceTree = "<group>";
		};
/* End PBXVariantGroup section */

/* Begin XCBuildConfiguration section */
		B5E9DEE52CAE1238004881CA /* Debug */ = {
			isa = XCBuildConfiguration;
			buildSettings = {
				ALWAYS_SEARCH_USER_PATHS = NO;
				CLANG_ANALYZER_NONNULL = YES;
				CLANG_ANALYZER_NUMBER_OBJECT_CONVERSION = YES_AGGRESSIVE;
				CLANG_CXX_LANGUAGE_STANDARD = "gnu++17";
				CLANG_ENABLE_MODULES = YES;
				CLANG_ENABLE_OBJC_ARC = YES;
				CLANG_ENABLE_OBJC_WEAK = YES;
				CLANG_WARN_BLOCK_CAPTURE_AUTORELEASING = YES;
				CLANG_WARN_BOOL_CONVERSION = YES;
				CLANG_WARN_COMMA = YES;
				CLANG_WARN_CONSTANT_CONVERSION = YES;
				CLANG_WARN_DEPRECATED_OBJC_IMPLEMENTATIONS = YES;
				CLANG_WARN_DIRECT_OBJC_ISA_USAGE = YES_ERROR;
				CLANG_WARN_DOCUMENTATION_COMMENTS = YES;
				CLANG_WARN_EMPTY_BODY = YES;
				CLANG_WARN_ENUM_CONVERSION = YES;
				CLANG_WARN_INFINITE_RECURSION = YES;
				CLANG_WARN_INT_CONVERSION = YES;
				CLANG_WARN_NON_LITERAL_NULL_CONVERSION = YES;
				CLANG_WARN_OBJC_IMPLICIT_RETAIN_SELF = YES;
				CLANG_WARN_OBJC_LITERAL_CONVERSION = YES;
				CLANG_WARN_OBJC_ROOT_CLASS = YES_ERROR;
				CLANG_WARN_QUOTED_INCLUDE_IN_FRAMEWORK_HEADER = YES;
				CLANG_WARN_RANGE_LOOP_ANALYSIS = YES;
				CLANG_WARN_STRICT_PROTOTYPES = YES;
				CLANG_WARN_SUSPICIOUS_MOVE = YES;
				CLANG_WARN_UNGUARDED_AVAILABILITY = YES_AGGRESSIVE;
				CLANG_WARN_UNREACHABLE_CODE = YES;
				CLANG_WARN__DUPLICATE_METHOD_MATCH = YES;
				COPY_PHASE_STRIP = NO;
				DEBUG_INFORMATION_FORMAT = dwarf;
				ENABLE_STRICT_OBJC_MSGSEND = YES;
				ENABLE_TESTABILITY = YES;
				GCC_C_LANGUAGE_STANDARD = gnu11;
				GCC_DYNAMIC_NO_PIC = NO;
				GCC_NO_COMMON_BLOCKS = YES;
				GCC_OPTIMIZATION_LEVEL = 0;
				GCC_PREPROCESSOR_DEFINITIONS = (
					"DEBUG=1",
					"$(inherited)",
				);
				GCC_WARN_64_TO_32_BIT_CONVERSION = YES;
				GCC_WARN_ABOUT_RETURN_TYPE = YES_ERROR;
				GCC_WARN_UNDECLARED_SELECTOR = YES;
				GCC_WARN_UNINITIALIZED_AUTOS = YES_AGGRESSIVE;
				GCC_WARN_UNUSED_FUNCTION = YES;
				GCC_WARN_UNUSED_VARIABLE = YES;
				IPHONEOS_DEPLOYMENT_TARGET = 15.4;
				MTL_ENABLE_DEBUG_INFO = INCLUDE_SOURCE;
				MTL_FAST_MATH = YES;
				ONLY_ACTIVE_ARCH = YES;
				SDKROOT = iphoneos;
				SWIFT_ACTIVE_COMPILATION_CONDITIONS = DEBUG;
				SWIFT_OPTIMIZATION_LEVEL = "-Onone";
			};
			name = Debug;
		};
		B5E9DEE62CAE1238004881CA /* Release */ = {
			isa = XCBuildConfiguration;
			buildSettings = {
				ALWAYS_SEARCH_USER_PATHS = NO;
				CLANG_ANALYZER_NONNULL = YES;
				CLANG_ANALYZER_NUMBER_OBJECT_CONVERSION = YES_AGGRESSIVE;
				CLANG_CXX_LANGUAGE_STANDARD = "gnu++17";
				CLANG_ENABLE_MODULES = YES;
				CLANG_ENABLE_OBJC_ARC = YES;
				CLANG_ENABLE_OBJC_WEAK = YES;
				CLANG_WARN_BLOCK_CAPTURE_AUTORELEASING = YES;
				CLANG_WARN_BOOL_CONVERSION = YES;
				CLANG_WARN_COMMA = YES;
				CLANG_WARN_CONSTANT_CONVERSION = YES;
				CLANG_WARN_DEPRECATED_OBJC_IMPLEMENTATIONS = YES;
				CLANG_WARN_DIRECT_OBJC_ISA_USAGE = YES_ERROR;
				CLANG_WARN_DOCUMENTATION_COMMENTS = YES;
				CLANG_WARN_EMPTY_BODY = YES;
				CLANG_WARN_ENUM_CONVERSION = YES;
				CLANG_WARN_INFINITE_RECURSION = YES;
				CLANG_WARN_INT_CONVERSION = YES;
				CLANG_WARN_NON_LITERAL_NULL_CONVERSION = YES;
				CLANG_WARN_OBJC_IMPLICIT_RETAIN_SELF = YES;
				CLANG_WARN_OBJC_LITERAL_CONVERSION = YES;
				CLANG_WARN_OBJC_ROOT_CLASS = YES_ERROR;
				CLANG_WARN_QUOTED_INCLUDE_IN_FRAMEWORK_HEADER = YES;
				CLANG_WARN_RANGE_LOOP_ANALYSIS = YES;
				CLANG_WARN_STRICT_PROTOTYPES = YES;
				CLANG_WARN_SUSPICIOUS_MOVE = YES;
				CLANG_WARN_UNGUARDED_AVAILABILITY = YES_AGGRESSIVE;
				CLANG_WARN_UNREACHABLE_CODE = YES;
				CLANG_WARN__DUPLICATE_METHOD_MATCH = YES;
				COPY_PHASE_STRIP = NO;
				DEBUG_INFORMATION_FORMAT = "dwarf-with-dsym";
				ENABLE_NS_ASSERTIONS = NO;
				ENABLE_STRICT_OBJC_MSGSEND = YES;
				GCC_C_LANGUAGE_STANDARD = gnu11;
				GCC_NO_COMMON_BLOCKS = YES;
				GCC_WARN_64_TO_32_BIT_CONVERSION = YES;
				GCC_WARN_ABOUT_RETURN_TYPE = YES_ERROR;
				GCC_WARN_UNDECLARED_SELECTOR = YES;
				GCC_WARN_UNINITIALIZED_AUTOS = YES_AGGRESSIVE;
				GCC_WARN_UNUSED_FUNCTION = YES;
				GCC_WARN_UNUSED_VARIABLE = YES;
				IPHONEOS_DEPLOYMENT_TARGET = 15.4;
				MTL_ENABLE_DEBUG_INFO = NO;
				MTL_FAST_MATH = YES;
				SDKROOT = iphoneos;
				SWIFT_COMPILATION_MODE = wholemodule;
				SWIFT_OPTIMIZATION_LEVEL = "-O";
				VALIDATE_PRODUCT = YES;
			};
			name = Release;
		};
		B5E9DEE82CAE1238004881CA /* Debug */ = {
			isa = XCBuildConfiguration;
			buildSettings = {
				ASSETCATALOG_COMPILER_APPICON_NAME = AppIcon;
				ASSETCATALOG_COMPILER_GLOBAL_ACCENT_COLOR_NAME = AccentColor;
				CODE_SIGN_STYLE = Automatic;
				CURRENT_PROJECT_VERSION = 1;
				GENERATE_INFOPLIST_FILE = YES;
				INFOPLIST_FILE = QuispeMaqqueAbelColeccionDeJuegos/Info.plist;
				INFOPLIST_KEY_UIApplicationSupportsIndirectInputEvents = YES;
				INFOPLIST_KEY_UILaunchStoryboardName = LaunchScreen;
				INFOPLIST_KEY_UIMainStoryboardFile = Main;
				INFOPLIST_KEY_UISupportedInterfaceOrientations_iPad = "UIInterfaceOrientationPortrait UIInterfaceOrientationPortraitUpsideDown UIInterfaceOrientationLandscapeLeft UIInterfaceOrientationLandscapeRight";
				INFOPLIST_KEY_UISupportedInterfaceOrientations_iPhone = "UIInterfaceOrientationPortrait UIInterfaceOrientationLandscapeLeft UIInterfaceOrientationLandscapeRight";
				LD_RUNPATH_SEARCH_PATHS = (
					"$(inherited)",
					"@executable_path/Frameworks",
				);
				MARKETING_VERSION = 1.0;
				PRODUCT_BUNDLE_IDENTIFIER = com.miempresa.QuispeMaqqueAbelColeccionDeJuegos;
				PRODUCT_NAME = "$(TARGET_NAME)";
				SWIFT_EMIT_LOC_STRINGS = YES;
				SWIFT_VERSION = 5.0;
				TARGETED_DEVICE_FAMILY = "1,2";
			};
			name = Debug;
		};
		B5E9DEE92CAE1238004881CA /* Release */ = {
			isa = XCBuildConfiguration;
			buildSettings = {
				ASSETCATALOG_COMPILER_APPICON_NAME = AppIcon;
				ASSETCATALOG_COMPILER_GLOBAL_ACCENT_COLOR_NAME = AccentColor;
				CODE_SIGN_STYLE = Automatic;
				CURRENT_PROJECT_VERSION = 1;
				GENERATE_INFOPLIST_FILE = YES;
				INFOPLIST_FILE = QuispeMaqqueAbelColeccionDeJuegos/Info.plist;
				INFOPLIST_KEY_UIApplicationSupportsIndirectInputEvents = YES;
				INFOPLIST_KEY_UILaunchStoryboardName = LaunchScreen;
				INFOPLIST_KEY_UIMainStoryboardFile = Main;
				INFOPLIST_KEY_UISupportedInterfaceOrientations_iPad = "UIInterfaceOrientationPortrait UIInterfaceOrientationPortraitUpsideDown UIInterfaceOrientationLandscapeLeft UIInterfaceOrientationLandscapeRight";
				INFOPLIST_KEY_UISupportedInterfaceOrientations_iPhone = "UIInterfaceOrientationPortrait UIInterfaceOrientationLandscapeLeft UIInterfaceOrientationLandscapeRight";
				LD_RUNPATH_SEARCH_PATHS = (
					"$(inherited)",
					"@executable_path/Frameworks",
				);
				MARKETING_VERSION = 1.0;
				PRODUCT_BUNDLE_IDENTIFIER = com.miempresa.QuispeMaqqueAbelColeccionDeJuegos;
				PRODUCT_NAME = "$(TARGET_NAME)";
				SWIFT_EMIT_LOC_STRINGS = YES;
				SWIFT_VERSION = 5.0;
				TARGETED_DEVICE_FAMILY = "1,2";
			};
			name = Release;
		};
/* End XCBuildConfiguration section */

/* Begin XCConfigurationList section */
		B5E9DECB2CAE1232004881CA /* Build configuration list for PBXProject "QuispeMaqqueAbelColeccionDeJuegos" */ = {
			isa = XCConfigurationList;
			buildConfigurations = (
				B5E9DEE52CAE1238004881CA /* Debug */,
				B5E9DEE62CAE1238004881CA /* Release */,
			);
			defaultConfigurationIsVisible = 0;
			defaultConfigurationName = Release;
		};
		B5E9DEE72CAE1238004881CA /* Build configuration list for PBXNativeTarget "QuispeMaqqueAbelColeccionDeJuegos" */ = {
			isa = XCConfigurationList;
			buildConfigurations = (
				B5E9DEE82CAE1238004881CA /* Debug */,
				B5E9DEE92CAE1238004881CA /* Release */,
			);
			defaultConfigurationIsVisible = 0;
			defaultConfigurationName = Release;
		};
/* End XCConfigurationList section */

/* Begin XCVersionGroup section */
		B5E9DEDC2CAE1232004881CA /* QuispeMaqqueAbelColeccionDeJuegos.xcdatamodeld */ = {
			isa = XCVersionGroup;
			children = (
				B5E9DEDD2CAE1232004881CA /* QuispeMaqqueAbelColeccionDeJuegos.xcdatamodel */,
			);
			currentVersion = B5E9DEDD2CAE1232004881CA /* QuispeMaqqueAbelColeccionDeJuegos.xcdatamodel */;
			path = QuispeMaqqueAbelColeccionDeJuegos.xcdatamodeld;
			sourceTree = "<group>";
			versionGroupType = wrapper.xcdatamodel;
		};
/* End XCVersionGroup section */
	};
	rootObject = B5E9DEC82CAE1232004881CA /* Project object */;
}
